<?xml version="1.0" encoding="utf-8"?>
<Project ToolsVersion="4.0" xmlns="http://schemas.microsoft.com/developer/msbuild/2003">
  <ItemGroup>
    <Filter Include="源文件">
      <UniqueIdentifier>{4FC737F1-C7A5-4376-A066-2A32D752A2FF}</UniqueIdentifier>
      <Extensions>cpp;c;cc;cxx;c++;cppm;ixx;def;odl;idl;hpj;bat;asm;asmx</Extensions>
    </Filter>
    <Filter Include="头文件">
      <UniqueIdentifier>{93995380-89BD-4b04-88EB-625FBE52EBFB}</UniqueIdentifier>
      <Extensions>h;hh;hpp;hxx;h++;hm;inl;inc;ipp;xsd</Extensions>
    </Filter>
    <Filter Include="资源文件">
      <UniqueIdentifier>{67DA6AB6-F800-4c08-8B7A-83BB121AAD01}</UniqueIdentifier>
      <Extensions>rc;ico;cur;bmp;dlg;rc2;rct;bin;rgs;gif;jpg;jpeg;jpe;resx;tiff;tif;png;wav;mfcribbon-ms</Extensions>
    </Filter>
    <Filter Include="源文件\第三方代码">
      <UniqueIdentifier>{62ab434c-d2e8-41d0-b087-ef67bc9781d8}</UniqueIdentifier>
    </Filter>
    <Filter Include="源文件\第三方代码\implant">
      <UniqueIdentifier>{a2d8f9e4-61d2-4327-b2f2-df3910dee087}</UniqueIdentifier>
    </Filter>
    <Filter Include="源文件\第三方代码\drawpicture">
      <UniqueIdentifier>{f91566e8-ec87-40ed-b809-203a36735290}</UniqueIdentifier>
    </Filter>
    <Filter Include="头文件\第三方代码">
      <UniqueIdentifier>{29a2b636-8462-4eb7-8d7e-2a23b3e1e846}</UniqueIdentifier>
    </Filter>
    <Filter Include="头文件\第三方代码\implant">
      <UniqueIdentifier>{e51feb6b-7081-4317-a5fc-fba3c35a7b04}</UniqueIdentifier>
    </Filter>
    <Filter Include="头文件\第三方代码\drawpicture">
      <UniqueIdentifier>{7c8da3e6-c648-4c70-aeb0-61fd964a47a8}</UniqueIdentifier>
    </Filter>
    <Filter Include="头文件\第三方代码\lucency">
      <UniqueIdentifier>{bd09b763-0735-444d-a77f-43244aa0781c}</UniqueIdentifier>
    </Filter>
    <Filter Include="源文件\第三方代码\lucency">
      <UniqueIdentifier>{0c106ecb-450c-4ed2-8e0b-7a54bcf4a8f4}</UniqueIdentifier>
    </Filter>
    <Filter Include="头文件\第三方代码\gif">
      <UniqueIdentifier>{09436c6f-020f-4255-b956-47e824dcb1ab}</UniqueIdentifier>
    </Filter>
    <Filter Include="源文件\第三方代码\gif">
      <UniqueIdentifier>{98540476-1601-461a-a0e7-55203002ba4f}</UniqueIdentifier>
    </Filter>
    <Filter Include="头文件\第三方代码\mp3">
      <UniqueIdentifier>{66620002-2497-4b8c-8de0-cc0dcfdc2234}</UniqueIdentifier>
    </Filter>
    <Filter Include="源文件\第三方代码\mp3">
      <UniqueIdentifier>{00606b79-390a-4496-96ff-4e1ec33ee11a}</UniqueIdentifier>
    </Filter>
    <Filter Include="头文件\第三方代码\窗口动画">
      <UniqueIdentifier>{22380ca4-3481-4aed-9eaf-596864fb0d53}</UniqueIdentifier>
    </Filter>
    <Filter Include="源文件\第三方代码\窗口动画">
      <UniqueIdentifier>{7acf9db3-0be5-47c8-a996-fd52aaf01485}</UniqueIdentifier>
    </Filter>
    <Filter Include="头文件\第三方代码\消息传递">
      <UniqueIdentifier>{56e243d4-2a4f-4dc6-b0fd-53a895a21741}</UniqueIdentifier>
    </Filter>
    <Filter Include="源文件\第三方代码\消息传递">
      <UniqueIdentifier>{c5811c19-87cf-40fc-b76f-b9730b8a5587}</UniqueIdentifier>
    </Filter>
    <Filter Include="头文件\第三方代码\主题">
      <UniqueIdentifier>{4706fb29-493d-43c4-ae90-61e51b0a33c6}</UniqueIdentifier>
    </Filter>
    <Filter Include="源文件\第三方代码\主题">
      <UniqueIdentifier>{cb7e5366-c89e-4aa0-bb7f-277b4b7714b4}</UniqueIdentifier>
    </Filter>
    <Filter Include="头文件\第三方代码\risize">
      <UniqueIdentifier>{33f56711-06a6-4dec-9c0b-01b0a5732520}</UniqueIdentifier>
    </Filter>
    <Filter Include="源文件\第三方代码\risize">
      <UniqueIdentifier>{c2abd9c4-2998-4aff-9c7b-c4bc4f558b35}</UniqueIdentifier>
    </Filter>
    <Filter Include="头文件\第三方代码\modbus">
      <UniqueIdentifier>{0606212a-bcf1-4e16-a5ad-66bcd1364482}</UniqueIdentifier>
    </Filter>
    <Filter Include="源文件\第三方代码\modbus">
      <UniqueIdentifier>{cb8cf802-357b-4192-9a18-9df138bee040}</UniqueIdentifier>
    </Filter>
    <Filter Include="头文件\第三方代码\大恒相机">
      <UniqueIdentifier>{5809cf14-fec6-4290-93e5-7ec2829174f4}</UniqueIdentifier>
    </Filter>
    <Filter Include="源文件\第三方代码\大恒相机">
      <UniqueIdentifier>{906b689f-e478-4f3f-9c4a-da1221204d40}</UniqueIdentifier>
    </Filter>
    <Filter Include="源文件\第三方代码\halcon">
      <UniqueIdentifier>{66515722-2fa7-4a03-9a20-2c5f38f17090}</UniqueIdentifier>
    </Filter>
    <Filter Include="头文件\第三方代码\halcon">
      <UniqueIdentifier>{a1b9ad7d-47b5-4c75-9e75-7fe146e27af7}</UniqueIdentifier>
    </Filter>
  </ItemGroup>
  <ItemGroup>
    <ClInclude Include="MFC.h">
      <Filter>头文件</Filter>
    </ClInclude>
    <ClInclude Include="MFCDlg.h">
      <Filter>头文件</Filter>
    </ClInclude>
    <ClInclude Include="framework.h">
      <Filter>头文件</Filter>
    </ClInclude>
    <ClInclude Include="targetver.h">
      <Filter>头文件</Filter>
    </ClInclude>
    <ClInclude Include="Resource.h">
      <Filter>头文件</Filter>
    </ClInclude>
    <ClInclude Include="pch.h">
      <Filter>头文件</Filter>
    </ClInclude>
    <ClInclude Include="第三方代码\implant\implant.h">
      <Filter>头文件\第三方代码\implant</Filter>
    </ClInclude>
    <ClInclude Include="第三方代码\drawpicture\DRAW.h">
      <Filter>头文件\第三方代码\drawpicture</Filter>
    </ClInclude>
    <ClInclude Include="第三方代码\lucency\lucency.h">
      <Filter>头文件\第三方代码\lucency</Filter>
    </ClInclude>
    <ClInclude Include="第三方代码\gif\PictureEX.h">
      <Filter>头文件\第三方代码\gif</Filter>
    </ClInclude>
    <ClInclude Include="第三方代码\gif\MyWay.h">
      <Filter>头文件\第三方代码\gif</Filter>
    </ClInclude>
    <ClInclude Include="MFCHOMEGIF.h">
      <Filter>头文件</Filter>
    </ClInclude>
    <ClInclude Include="第三方代码\mp3\AudioClip.h">
      <Filter>头文件\第三方代码\mp3</Filter>
    </ClInclude>
    <ClInclude Include="第三方代码\窗口动画\CDlgFlash.h">
      <Filter>头文件\第三方代码\窗口动画</Filter>
    </ClInclude>
    <ClInclude Include="第三方代码\消息传递\RunMessage.hpp">
      <Filter>头文件\第三方代码\消息传递</Filter>
    </ClInclude>
    <ClInclude Include="第三方代码\gif\MyWayGifControl.h">
      <Filter>头文件\第三方代码\gif</Filter>
    </ClInclude>
    <ClInclude Include="第三方代码\主题\changetheme.hpp">
      <Filter>头文件\第三方代码\主题</Filter>
    </ClInclude>
    <ClInclude Include="第三方代码\主题\TheamName.h">
      <Filter>头文件\第三方代码\主题</Filter>
    </ClInclude>
    <ClInclude Include="MFC_PANEL_Dlg.h">
      <Filter>头文件</Filter>
    </ClInclude>
    <ClInclude Include="MFC_HALCON_Dlg.h">
      <Filter>头文件</Filter>
    </ClInclude>
    <ClInclude Include="第三方代码\risize\riseze.h">
      <Filter>头文件\第三方代码\risize</Filter>
    </ClInclude>
    <ClInclude Include="MFC_LIGHT_Dlg.h">
      <Filter>头文件</Filter>
    </ClInclude>
    <ClInclude Include="第三方代码\modbus\Light.h">
      <Filter>头文件\第三方代码\modbus</Filter>
    </ClInclude>
    <ClInclude Include="第三方代码\modbus\Modbus.h">
      <Filter>头文件\第三方代码\modbus</Filter>
    </ClInclude>
    <ClInclude Include="第三方代码\modbus\ModbusRTU.h">
      <Filter>头文件\第三方代码\modbus</Filter>
    </ClInclude>
    <ClInclude Include="第三方代码\modbus\SerialPort.h">
      <Filter>头文件\第三方代码\modbus</Filter>
    </ClInclude>
    <ClInclude Include="第三方代码\大恒相机\ERROR.h">
      <Filter>头文件\第三方代码\大恒相机</Filter>
    </ClInclude>
    <ClInclude Include="第三方代码\大恒相机\Camera.h">
      <Filter>头文件\第三方代码\大恒相机</Filter>
    </ClInclude>
    <ClInclude Include="第三方代码\大恒相机\设置.h">
      <Filter>头文件\第三方代码\大恒相机</Filter>
    </ClInclude>
    <ClInclude Include="MFC_SET_DLG.h">
      <Filter>头文件</Filter>
    </ClInclude>
    <ClInclude Include="第三方代码\halcon\halcon画框.h">
      <Filter>头文件\第三方代码\halcon</Filter>
    </ClInclude>
    <ClInclude Include="MFC摄像机信息.h">
      <Filter>头文件</Filter>
    </ClInclude>
    <ClInclude Include="MFC_PIC_COM_Dlg.h">
      <Filter>头文件</Filter>
    </ClInclude>
  </ItemGroup>
  <ItemGroup>
    <ClCompile Include="MFC.cpp">
      <Filter>源文件</Filter>
    </ClCompile>
    <ClCompile Include="MFCDlg.cpp">
      <Filter>源文件</Filter>
    </ClCompile>
    <ClCompile Include="pch.cpp">
      <Filter>源文件</Filter>
    </ClCompile>
    <ClCompile Include="第三方代码\implant\impalnt.cpp">
      <Filter>源文件\第三方代码\implant</Filter>
    </ClCompile>
    <ClCompile Include="第三方代码\drawpicture\DRAW.cpp">
      <Filter>源文件\第三方代码\drawpicture</Filter>
    </ClCompile>
    <ClCompile Include="第三方代码\lucency\lucency.cpp">
      <Filter>源文件\第三方代码\lucency</Filter>
    </ClCompile>
    <ClCompile Include="第三方代码\gif\PictureEX.cpp">
      <Filter>源文件\第三方代码\gif</Filter>
    </ClCompile>
    <ClCompile Include="第三方代码\gif\MyWay.cpp">
      <Filter>源文件\第三方代码\gif</Filter>
    </ClCompile>
    <ClCompile Include="MFCHOMEGIF.cpp">
      <Filter>源文件</Filter>
    </ClCompile>
    <ClCompile Include="第三方代码\mp3\AudioClip.cpp">
      <Filter>源文件\第三方代码\mp3</Filter>
    </ClCompile>
    <ClCompile Include="第三方代码\窗口动画\CDlgFlash.cpp">
      <Filter>源文件\第三方代码\窗口动画</Filter>
    </ClCompile>
    <ClCompile Include="第三方代码\消息传递\factory.cpp">
      <Filter>源文件\第三方代码\消息传递</Filter>
    </ClCompile>
    <ClCompile Include="第三方代码\主题\changetheme.cpp">
      <Filter>源文件\第三方代码\主题</Filter>
    </ClCompile>
    <ClCompile Include="第三方代码\gif\MyWayGifControl.cpp">
      <Filter>源文件\第三方代码\gif</Filter>
    </ClCompile>
    <ClCompile Include="第三方代码\主题\ThemeName.cpp">
      <Filter>源文件\第三方代码\主题</Filter>
    </ClCompile>
    <ClCompile Include="MFC_PANEL_Dlg.cpp">
      <Filter>源文件</Filter>
    </ClCompile>
    <ClCompile Include="MFC_HALCON_Dlg.cpp">
      <Filter>源文件</Filter>
    </ClCompile>
    <ClCompile Include="第三方代码\risize\risize.cpp">
      <Filter>源文件\第三方代码\risize</Filter>
    </ClCompile>
    <ClCompile Include="MFC_LIGHT_Dlg.cpp">
      <Filter>源文件</Filter>
    </ClCompile>
    <ClCompile Include="第三方代码\modbus\Light.cpp">
      <Filter>源文件\第三方代码\modbus</Filter>
    </ClCompile>
    <ClCompile Include="第三方代码\modbus\Modbus.cpp">
      <Filter>源文件\第三方代码\modbus</Filter>
    </ClCompile>
    <ClCompile Include="第三方代码\modbus\ModbusRTU.cpp">
      <Filter>源文件\第三方代码\modbus</Filter>
    </ClCompile>
    <ClCompile Include="第三方代码\modbus\SerialPort.cpp">
      <Filter>源文件\第三方代码\modbus</Filter>
    </ClCompile>
    <ClCompile Include="第三方代码\大恒相机\ERROR.cpp">
      <Filter>源文件\第三方代码\大恒相机</Filter>
    </ClCompile>
    <ClCompile Include="第三方代码\大恒相机\Camera.cpp">
      <Filter>源文件\第三方代码\大恒相机</Filter>
    </ClCompile>
    <ClCompile Include="MFC_SET_DLG.cpp">
      <Filter>源文件</Filter>
    </ClCompile>
    <ClCompile Include="第三方代码\halcon\halcon画框.cpp">
      <Filter>源文件\第三方代码\halcon</Filter>
    </ClCompile>
    <ClCompile Include="MFC摄像机信息.cpp">
      <Filter>源文件</Filter>
    </ClCompile>
    <ClCompile Include="MFC_PIC_COM_Dlg.cpp">
      <Filter>源文件</Filter>
    </ClCompile>
  </ItemGroup>
  <ItemGroup>
    <ResourceCompile Include="MFC.rc">
      <Filter>资源文件</Filter>
    </ResourceCompile>
  </ItemGroup>
  <ItemGroup>
    <None Include="res\MFC.rc2">
      <Filter>资源文件</Filter>
    </None>
  </ItemGroup>
  <ItemGroup>
    <Image Include="res\MFC.ico">
      <Filter>资源文件</Filter>
    </Image>
  </ItemGroup>
</Project>